github.com/mattkimber/gandalf v1.3.0 h1:tbotZYz5oYbQ8117rtJLO0kW2AhNNA8J7sNVc70BqaA=
github.com/mattkimber/gandalf v1.3.0/go.mod h1:oHiJ2zLdIdvXWSNio1Cj/CdQICLn3Bh0Vib2Ttu2H7s=
github.com/mattkimber/gandalf v1.3.2 h1:+50ZIMadzRxAQ2Mn5jAornXvdio9cmwtBOokjJ0XRJw=
github.com/mattkimber/gandalf v1.3.2/go.mod h1:oHiJ2zLdIdvXWSNio1Cj/CdQICLn3Bh0Vib2Ttu2H7s=
