github.com/mattkimber/gandalf v1.0.0 h1:pTiqX6TZQfGMXQsX+PVvFfmbni5VOLIfTAIi4acPI3Y=
github.com/mattkimber/gandalf v1.0.0/go.mod h1:oHiJ2zLdIdvXWSNio1Cj/CdQICLn3Bh0Vib2Ttu2H7s=
github.com/mattkimber/gandalf v1.1.0 h1:kz9Eh94dz+EE//gj0mOah4QxmPeFyYmiJXIwneDStvQ=
github.com/mattkimber/gandalf v1.1.0/go.mod h1:oHiJ2zLdIdvXWSNio1Cj/CdQICLn3Bh0Vib2Ttu2H7s=
